// !$*UTF8*$!
{
	archiveVersion = 1;
	classes = {
	};
	objectVersion = 48;
	objects = {

/* Begin PBXBuildFile section */
		855C3A50206159C4008F0A37 /* LaunchScreen.storyboard in Resources */ = {isa = PBXBuildFile; fileRef = 855C3A4C206159C4008F0A37 /* LaunchScreen.storyboard */; };
		855C3A51206159C4008F0A37 /* Main.storyboard in Resources */ = {isa = PBXBuildFile; fileRef = 855C3A4E206159C4008F0A37 /* Main.storyboard */; };
		855C3A5220616069008F0A37 /* AppDelegate.swift in Sources */ = {isa = PBXBuildFile; fileRef = 855C3A3D20615869008F0A37 /* AppDelegate.swift */; };
		855C3A5320616190008F0A37 /* antViewController.swift in Sources */ = {isa = PBXBuildFile; fileRef = 855C3A3520615868008F0A37 /* antViewController.swift */; };
		855C3A5420616190008F0A37 /* combController.swift in Sources */ = {isa = PBXBuildFile; fileRef = 855C3A3620615868008F0A37 /* combController.swift */; };
		855C3A5520616190008F0A37 /* combinationsThreeViewController.swift in Sources */ = {isa = PBXBuildFile; fileRef = 855C3A472061586B008F0A37 /* combinationsThreeViewController.swift */; };
		855C3A5620616190008F0A37 /* combinationTwoViewController.swift in Sources */ = {isa = PBXBuildFile; fileRef = 855C3A4B2061586B008F0A37 /* combinationTwoViewController.swift */; };
		855C3A5720616190008F0A37 /* computerViewController.swift in Sources */ = {isa = PBXBuildFile; fileRef = 855C3A4A2061586B008F0A37 /* computerViewController.swift */; };
		855C3A5820616190008F0A37 /* dogsViewController.swift in Sources */ = {isa = PBXBuildFile; fileRef = 855C3A482061586B008F0A37 /* dogsViewController.swift */; };
		855C3A5920616190008F0A37 /* drawLineView.swift in Sources */ = {isa = PBXBuildFile; fileRef = 855C3A422061586A008F0A37 /* drawLineView.swift */; };
		855C3A5A20616190008F0A37 /* emojiViewController.swift in Sources */ = {isa = PBXBuildFile; fileRef = 855C3A3B20615869008F0A37 /* emojiViewController.swift */; };
		855C3A5B20616190008F0A37 /* lollipopViewController.swift in Sources */ = {isa = PBXBuildFile; fileRef = 855C3A432061586A008F0A37 /* lollipopViewController.swift */; };
		855C3A5C20616190008F0A37 /* passController.swift in Sources */ = {isa = PBXBuildFile; fileRef = 855C3A3A20615869008F0A37 /* passController.swift */; };
		855C3A5D20616190008F0A37 /* passwordOneViewController.swift in Sources */ = {isa = PBXBuildFile; fileRef = 855C3A452061586A008F0A37 /* passwordOneViewController.swift */; };
		855C3A5E20616190008F0A37 /* passwordThreeViewController.swift in Sources */ = {isa = PBXBuildFile; fileRef = 855C3A3F20615869008F0A37 /* passwordThreeViewController.swift */; };
		855C3A5F20616190008F0A37 /* passwordTwoViewController.swift in Sources */ = {isa = PBXBuildFile; fileRef = 855C3A402061586A008F0A37 /* passwordTwoViewController.swift */; };
		855C3A6020616190008F0A37 /* permViewController.swift in Sources */ = {isa = PBXBuildFile; fileRef = 855C3A3720615868008F0A37 /* permViewController.swift */; };
		855C3A6120616190008F0A37 /* rootViewController.swift in Sources */ = {isa = PBXBuildFile; fileRef = 855C3A412061586A008F0A37 /* rootViewController.swift */; };
		855C3A6220616190008F0A37 /* telephoneViewController.swift in Sources */ = {isa = PBXBuildFile; fileRef = 855C3A442061586A008F0A37 /* telephoneViewController.swift */; };
		855C3A6320616190008F0A37 /* weddingViewController.swift in Sources */ = {isa = PBXBuildFile; fileRef = 855C3A462061586A008F0A37 /* weddingViewController.swift */; };
		855C3A6420616190008F0A37 /* wordController.swift in Sources */ = {isa = PBXBuildFile; fileRef = 855C3A3420615864008F0A37 /* wordController.swift */; };
/* End PBXBuildFile section */

/* Begin PBXFileReference section */
		855C3A3420615864008F0A37 /* wordController.swift */ = {isa = PBXFileReference; lastKnownFileType = sourcecode.swift; name = wordController.swift; path = "../../../Documents/Dylan Homework/COLLEGE/Summer17/allPrototype/allPrototype/wordController.swift"; sourceTree = "<group>"; };
		855C3A3520615868008F0A37 /* antViewController.swift */ = {isa = PBXFileReference; lastKnownFileType = sourcecode.swift; name = antViewController.swift; path = "../../../Documents/Dylan Homework/COLLEGE/Summer17/allPrototype/allPrototype/antViewController.swift"; sourceTree = "<group>"; };
		855C3A3620615868008F0A37 /* combController.swift */ = {isa = PBXFileReference; lastKnownFileType = sourcecode.swift; name = combController.swift; path = "../../../Documents/Dylan Homework/COLLEGE/Summer17/allPrototype/allPrototype/combController.swift"; sourceTree = "<group>"; };
		855C3A3720615868008F0A37 /* permViewController.swift */ = {isa = PBXFileReference; lastKnownFileType = sourcecode.swift; name = permViewController.swift; path = "../../../Documents/Dylan Homework/COLLEGE/Summer17/allPrototype/allPrototype/permViewController.swift"; sourceTree = "<group>"; };
		855C3A3920615868008F0A37 /* Info.plist */ = {isa = PBXFileReference; lastKnownFileType = text.plist.xml; path = Info.plist; sourceTree = "<group>"; };
		855C3A3A20615869008F0A37 /* passController.swift */ = {isa = PBXFileReference; lastKnownFileType = sourcecode.swift; name = passController.swift; path = "../../../Documents/Dylan Homework/COLLEGE/Summer17/allPrototype/allPrototype/passController.swift"; sourceTree = "<group>"; };
		855C3A3B20615869008F0A37 /* emojiViewController.swift */ = {isa = PBXFileReference; lastKnownFileType = sourcecode.swift; name = emojiViewController.swift; path = "../../../Documents/Dylan Homework/COLLEGE/Summer17/allPrototype/allPrototype/emojiViewController.swift"; sourceTree = "<group>"; };
		855C3A3D20615869008F0A37 /* AppDelegate.swift */ = {isa = PBXFileReference; lastKnownFileType = sourcecode.swift; path = AppDelegate.swift; sourceTree = "<group>"; };
		855C3A3F20615869008F0A37 /* passwordThreeViewController.swift */ = {isa = PBXFileReference; lastKnownFileType = sourcecode.swift; name = passwordThreeViewController.swift; path = "../../../Documents/Dylan Homework/COLLEGE/Summer17/allPrototype/allPrototype/passwordThreeViewController.swift"; sourceTree = "<group>"; };
		855C3A402061586A008F0A37 /* passwordTwoViewController.swift */ = {isa = PBXFileReference; lastKnownFileType = sourcecode.swift; name = passwordTwoViewController.swift; path = "../../../Documents/Dylan Homework/COLLEGE/Summer17/allPrototype/allPrototype/passwordTwoViewController.swift"; sourceTree = "<group>"; };
		855C3A412061586A008F0A37 /* rootViewController.swift */ = {isa = PBXFileReference; lastKnownFileType = sourcecode.swift; name = rootViewController.swift; path = "../../../Documents/Dylan Homework/COLLEGE/Summer17/allPrototype/allPrototype/rootViewController.swift"; sourceTree = "<group>"; };
		855C3A422061586A008F0A37 /* drawLineView.swift */ = {isa = PBXFileReference; lastKnownFileType = sourcecode.swift; name = drawLineView.swift; path = "../../../Documents/Dylan Homework/COLLEGE/Summer17/allPrototype/allPrototype/drawLineView.swift"; sourceTree = "<group>"; };
		855C3A432061586A008F0A37 /* lollipopViewController.swift */ = {isa = PBXFileReference; lastKnownFileType = sourcecode.swift; name = lollipopViewController.swift; path = "../../../Documents/Dylan Homework/COLLEGE/Summer17/allPrototype/allPrototype/lollipopViewController.swift"; sourceTree = "<group>"; };
		855C3A442061586A008F0A37 /* telephoneViewController.swift */ = {isa = PBXFileReference; lastKnownFileType = sourcecode.swift; name = telephoneViewController.swift; path = "../../../Documents/Dylan Homework/COLLEGE/Summer17/allPrototype/allPrototype/telephoneViewController.swift"; sourceTree = "<group>"; };
		855C3A452061586A008F0A37 /* passwordOneViewController.swift */ = {isa = PBXFileReference; lastKnownFileType = sourcecode.swift; name = passwordOneViewController.swift; path = "../../../Documents/Dylan Homework/COLLEGE/Summer17/allPrototype/allPrototype/passwordOneViewController.swift"; sourceTree = "<group>"; };
		855C3A462061586A008F0A37 /* weddingViewController.swift */ = {isa = PBXFileReference; lastKnownFileType = sourcecode.swift; name = weddingViewController.swift; path = "../../../Documents/Dylan Homework/COLLEGE/Summer17/allPrototype/allPrototype/weddingViewController.swift"; sourceTree = "<group>"; };
		855C3A472061586B008F0A37 /* combinationsThreeViewController.swift */ = {isa = PBXFileReference; lastKnownFileType = sourcecode.swift; name = combinationsThreeViewController.swift; path = "../../../Documents/Dylan Homework/COLLEGE/Summer17/allPrototype/allPrototype/combinationsThreeViewController.swift"; sourceTree = "<group>"; };
		855C3A482061586B008F0A37 /* dogsViewController.swift */ = {isa = PBXFileReference; lastKnownFileType = sourcecode.swift; name = dogsViewController.swift; path = "../../../Documents/Dylan Homework/COLLEGE/Summer17/allPrototype/allPrototype/dogsViewController.swift"; sourceTree = "<group>"; };
		855C3A492061586B008F0A37 /* Assets.xcassets */ = {isa = PBXFileReference; lastKnownFileType = folder.assetcatalog; path = Assets.xcassets; sourceTree = "<group>"; };
		855C3A4A2061586B008F0A37 /* computerViewController.swift */ = {isa = PBXFileReference; lastKnownFileType = sourcecode.swift; name = computerViewController.swift; path = "../../../Documents/Dylan Homework/COLLEGE/Summer17/allPrototype/allPrototype/computerViewController.swift"; sourceTree = "<group>"; };
		855C3A4B2061586B008F0A37 /* combinationTwoViewController.swift */ = {isa = PBXFileReference; lastKnownFileType = sourcecode.swift; name = combinationTwoViewController.swift; path = "../../../Documents/Dylan Homework/COLLEGE/Summer17/allPrototype/allPrototype/combinationTwoViewController.swift"; sourceTree = "<group>"; };
		855C3A4D206159C4008F0A37 /* Base */ = {isa = PBXFileReference; lastKnownFileType = file.storyboard; name = Base; path = ../../../finalApp/Combinatorix/Base.lproj/LaunchScreen.storyboard; sourceTree = "<group>"; };
		855C3A4F206159C4008F0A37 /* Base */ = {isa = PBXFileReference; lastKnownFileType = file.storyboard; name = Base; path = ../../../finalApp/Combinatorix/Base.lproj/Main.storyboard; sourceTree = "<group>"; };
		85FCC5A620603D7100FF9D62 /* testApp.app */ = {isa = PBXFileReference; explicitFileType = wrapper.application; includeInIndex = 0; path = testApp.app; sourceTree = BUILT_PRODUCTS_DIR; };
/* End PBXFileReference section */

/* Begin PBXFrameworksBuildPhase section */
		85FCC5A320603D7100FF9D62 /* Frameworks */ = {
			isa = PBXFrameworksBuildPhase;
			buildActionMask = 2147483647;
			files = (
			);
			runOnlyForDeploymentPostprocessing = 0;
		};
/* End PBXFrameworksBuildPhase section */

/* Begin PBXGroup section */
		855C3A3C20615869008F0A37 /* Combinatorix */ = {
			isa = PBXGroup;
			children = (
			);
			name = Combinatorix;
			path = "../../../Documents/Dylan Homework/COLLEGE/Summer17/allPrototype/allPrototype/Combinatorix";
			sourceTree = "<group>";
		};
		855C3A3E20615869008F0A37 /* Base.lproj */ = {
			isa = PBXGroup;
			children = (
				855C3A4C206159C4008F0A37 /* LaunchScreen.storyboard */,
				855C3A4E206159C4008F0A37 /* Main.storyboard */,
			);
			name = Base.lproj;
			path = "../../../Documents/Dylan Homework/COLLEGE/Summer17/allPrototype/allPrototype/Base.lproj";
			sourceTree = "<group>";
		};
		85FCC59D20603D7100FF9D62 = {
			isa = PBXGroup;
			children = (
				85FCC5A820603D7100FF9D62 /* testApp */,
				85FCC5A720603D7100FF9D62 /* Products */,
			);
			sourceTree = "<group>";
		};
		85FCC5A720603D7100FF9D62 /* Products */ = {
			isa = PBXGroup;
			children = (
				85FCC5A620603D7100FF9D62 /* testApp.app */,
			);
			name = Products;
			sourceTree = "<group>";
		};
		85FCC5A820603D7100FF9D62 /* testApp */ = {
			isa = PBXGroup;
			children = (
				855C3A3520615868008F0A37 /* antViewController.swift */,
				855C3A3D20615869008F0A37 /* AppDelegate.swift */,
				855C3A492061586B008F0A37 /* Assets.xcassets */,
				855C3A3E20615869008F0A37 /* Base.lproj */,
				855C3A3620615868008F0A37 /* combController.swift */,
				855C3A472061586B008F0A37 /* combinationsThreeViewController.swift */,
				855C3A4B2061586B008F0A37 /* combinationTwoViewController.swift */,
				855C3A3C20615869008F0A37 /* Combinatorix */,
				855C3A4A2061586B008F0A37 /* computerViewController.swift */,
				855C3A482061586B008F0A37 /* dogsViewController.swift */,
				855C3A422061586A008F0A37 /* drawLineView.swift */,
				855C3A3B20615869008F0A37 /* emojiViewController.swift */,
				855C3A3920615868008F0A37 /* Info.plist */,
				855C3A432061586A008F0A37 /* lollipopViewController.swift */,
				855C3A3A20615869008F0A37 /* passController.swift */,
				855C3A452061586A008F0A37 /* passwordOneViewController.swift */,
				855C3A3F20615869008F0A37 /* passwordThreeViewController.swift */,
				855C3A402061586A008F0A37 /* passwordTwoViewController.swift */,
				855C3A3720615868008F0A37 /* permViewController.swift */,
				855C3A412061586A008F0A37 /* rootViewController.swift */,
				855C3A442061586A008F0A37 /* telephoneViewController.swift */,
				855C3A462061586A008F0A37 /* weddingViewController.swift */,
				855C3A3420615864008F0A37 /* wordController.swift */,
			);
			path = testApp;
			sourceTree = "<group>";
		};
/* End PBXGroup section */

/* Begin PBXNativeTarget section */
		85FCC5A520603D7100FF9D62 /* testApp */ = {
			isa = PBXNativeTarget;
			buildConfigurationList = 85FCC5B820603D7200FF9D62 /* Build configuration list for PBXNativeTarget "testApp" */;
			buildPhases = (
				85FCC5A220603D7100FF9D62 /* Sources */,
				85FCC5A320603D7100FF9D62 /* Frameworks */,
				85FCC5A420603D7100FF9D62 /* Resources */,
			);
			buildRules = (
			);
			dependencies = (
			);
			name = testApp;
			productName = testApp;
			productReference = 85FCC5A620603D7100FF9D62 /* testApp.app */;
			productType = "com.apple.product-type.application";
		};
/* End PBXNativeTarget section */

/* Begin PBXProject section */
		85FCC59E20603D7100FF9D62 /* Project object */ = {
			isa = PBXProject;
			attributes = {
				LastSwiftUpdateCheck = 0920;
				LastUpgradeCheck = 0920;
				ORGANIZATIONNAME = "Dylan Shane";
				TargetAttributes = {
					85FCC5A520603D7100FF9D62 = {
						CreatedOnToolsVersion = 9.2;
						LastSwiftMigration = 0920;
						ProvisioningStyle = Automatic;
					};
				};
			};
			buildConfigurationList = 85FCC5A120603D7100FF9D62 /* Build configuration list for PBXProject "testApp" */;
			compatibilityVersion = "Xcode 8.0";
			developmentRegion = en;
			hasScannedForEncodings = 0;
			knownRegions = (
				en,
				Base,
			);
			mainGroup = 85FCC59D20603D7100FF9D62;
			productRefGroup = 85FCC5A720603D7100FF9D62 /* Products */;
			projectDirPath = "";
			projectRoot = "";
			targets = (
				85FCC5A520603D7100FF9D62 /* testApp */,
			);
		};
/* End PBXProject section */

/* Begin PBXResourcesBuildPhase section */
		85FCC5A420603D7100FF9D62 /* Resources */ = {
			isa = PBXResourcesBuildPhase;
			buildActionMask = 2147483647;
			files = (
				855C3A50206159C4008F0A37 /* LaunchScreen.storyboard in Resources */,
				855C3A51206159C4008F0A37 /* Main.storyboard in Resources */,
			);
			runOnlyForDeploymentPostprocessing = 0;
		};
/* End PBXResourcesBuildPhase section */

/* Begin PBXSourcesBuildPhase section */
		85FCC5A220603D7100FF9D62 /* Sources */ = {
			isa = PBXSourcesBuildPhase;
			buildActionMask = 2147483647;
			files = (
				855C3A5320616190008F0A37 /* antViewController.swift in Sources */,
				855C3A5420616190008F0A37 /* combController.swift in Sources */,
				855C3A5520616190008F0A37 /* combinationsThreeViewController.swift in Sources */,
				855C3A5620616190008F0A37 /* combinationTwoViewController.swift in Sources */,
				855C3A5720616190008F0A37 /* computerViewController.swift in Sources */,
				855C3A5820616190008F0A37 /* dogsViewController.swift in Sources */,
				855C3A5920616190008F0A37 /* drawLineView.swift in Sources */,
				855C3A5A20616190008F0A37 /* emojiViewController.swift in Sources */,
				855C3A5B20616190008F0A37 /* lollipopViewController.swift in Sources */,
				855C3A5C20616190008F0A37 /* passController.swift in Sources */,
				855C3A5D20616190008F0A37 /* passwordOneViewController.swift in Sources */,
				855C3A5E20616190008F0A37 /* passwordThreeViewController.swift in Sources */,
				855C3A5F20616190008F0A37 /* passwordTwoViewController.swift in Sources */,
				855C3A6020616190008F0A37 /* permViewController.swift in Sources */,
				855C3A6120616190008F0A37 /* rootViewController.swift in Sources */,
				855C3A6220616190008F0A37 /* telephoneViewController.swift in Sources */,
				855C3A6320616190008F0A37 /* weddingViewController.swift in Sources */,
				855C3A6420616190008F0A37 /* wordController.swift in Sources */,
				855C3A5220616069008F0A37 /* AppDelegate.swift in Sources */,
			);
			runOnlyForDeploymentPostprocessing = 0;
		};
/* End PBXSourcesBuildPhase section */

/* Begin PBXVariantGroup section */
		855C3A4C206159C4008F0A37 /* LaunchScreen.storyboard */ = {
			isa = PBXVariantGroup;
			children = (
				855C3A4D206159C4008F0A37 /* Base */,
			);
			name = LaunchScreen.storyboard;
			sourceTree = "<group>";
		};
		855C3A4E206159C4008F0A37 /* Main.storyboard */ = {
			isa = PBXVariantGroup;
			children = (
				855C3A4F206159C4008F0A37 /* Base */,
			);
			name = Main.storyboard;
			sourceTree = "<group>";
		};
/* End PBXVariantGroup section */

/* Begin XCBuildConfiguration section */
		85FCC5B620603D7200FF9D62 /* Debug */ = {
			isa = XCBuildConfiguration;
			buildSettings = {
				ALWAYS_SEARCH_USER_PATHS = NO;
				CLANG_ANALYZER_NONNULL = YES;
				CLANG_ANALYZER_NUMBER_OBJECT_CONVERSION = YES_AGGRESSIVE;
				CLANG_CXX_LANGUAGE_STANDARD = "gnu++14";
				CLANG_CXX_LIBRARY = "libc++";
				CLANG_ENABLE_MODULES = YES;
				CLANG_ENABLE_OBJC_ARC = YES;
				CLANG_WARN_BLOCK_CAPTURE_AUTORELEASING = YES;
				CLANG_WARN_BOOL_CONVERSION = YES;
				CLANG_WARN_COMMA = YES;
				CLANG_WARN_CONSTANT_CONVERSION = YES;
				CLANG_WARN_DIRECT_OBJC_ISA_USAGE = YES_ERROR;
				CLANG_WARN_DOCUMENTATION_COMMENTS = YES;
				CLANG_WARN_EMPTY_BODY = YES;
				CLANG_WARN_ENUM_CONVERSION = YES;
				CLANG_WARN_INFINITE_RECURSION = YES;
				CLANG_WARN_INT_CONVERSION = YES;
				CLANG_WARN_NON_LITERAL_NULL_CONVERSION = YES;
				CLANG_WARN_OBJC_LITERAL_CONVERSION = YES;
				CLANG_WARN_OBJC_ROOT_CLASS = YES_ERROR;
				CLANG_WARN_RANGE_LOOP_ANALYSIS = YES;
				CLANG_WARN_STRICT_PROTOTYPES = YES;
				CLANG_WARN_SUSPICIOUS_MOVE = YES;
				CLANG_WARN_UNGUARDED_AVAILABILITY = YES_AGGRESSIVE;
				CLANG_WARN_UNREACHABLE_CODE = YES;
				CLANG_WARN__DUPLICATE_METHOD_MATCH = YES;
				CODE_SIGN_IDENTITY = "iPhone Developer";
				COPY_PHASE_STRIP = NO;
				DEBUG_INFORMATION_FORMAT = dwarf;
				ENABLE_STRICT_OBJC_MSGSEND = YES;
				ENABLE_TESTABILITY = YES;
				GCC_C_LANGUAGE_STANDARD = gnu11;
				GCC_DYNAMIC_NO_PIC = NO;
				GCC_NO_COMMON_BLOCKS = YES;
				GCC_OPTIMIZATION_LEVEL = 0;
				GCC_PREPROCESSOR_DEFINITIONS = (
					"DEBUG=1",
					"$(inherited)",
				);
				GCC_WARN_64_TO_32_BIT_CONVERSION = YES;
				GCC_WARN_ABOUT_RETURN_TYPE = YES_ERROR;
				GCC_WARN_UNDECLARED_SELECTOR = YES;
				GCC_WARN_UNINITIALIZED_AUTOS = YES_AGGRESSIVE;
				GCC_WARN_UNUSED_FUNCTION = YES;
				GCC_WARN_UNUSED_VARIABLE = YES;
				IPHONEOS_DEPLOYMENT_TARGET = 11.2;
				MTL_ENABLE_DEBUG_INFO = YES;
				ONLY_ACTIVE_ARCH = YES;
				SDKROOT = iphoneos;
				SWIFT_ACTIVE_COMPILATION_CONDITIONS = DEBUG;
				SWIFT_OPTIMIZATION_LEVEL = "-Onone";
			};
			name = Debug;
		};
		85FCC5B720603D7200FF9D62 /* Release */ = {
			isa = XCBuildConfiguration;
			buildSettings = {
				ALWAYS_SEARCH_USER_PATHS = NO;
				CLANG_ANALYZER_NONNULL = YES;
				CLANG_ANALYZER_NUMBER_OBJECT_CONVERSION = YES_AGGRESSIVE;
				CLANG_CXX_LANGUAGE_STANDARD = "gnu++14";
				CLANG_CXX_LIBRARY = "libc++";
				CLANG_ENABLE_MODULES = YES;
				CLANG_ENABLE_OBJC_ARC = YES;
				CLANG_WARN_BLOCK_CAPTURE_AUTORELEASING = YES;
				CLANG_WARN_BOOL_CONVERSION = YES;
				CLANG_WARN_COMMA = YES;
				CLANG_WARN_CONSTANT_CONVERSION = YES;
				CLANG_WARN_DIRECT_OBJC_ISA_USAGE = YES_ERROR;
				CLANG_WARN_DOCUMENTATION_COMMENTS = YES;
				CLANG_WARN_EMPTY_BODY = YES;
				CLANG_WARN_ENUM_CONVERSION = YES;
				CLANG_WARN_INFINITE_RECURSION = YES;
				CLANG_WARN_INT_CONVERSION = YES;
				CLANG_WARN_NON_LITERAL_NULL_CONVERSION = YES;
				CLANG_WARN_OBJC_LITERAL_CONVERSION = YES;
				CLANG_WARN_OBJC_ROOT_CLASS = YES_ERROR;
				CLANG_WARN_RANGE_LOOP_ANALYSIS = YES;
				CLANG_WARN_STRICT_PROTOTYPES = YES;
				CLANG_WARN_SUSPICIOUS_MOVE = YES;
				CLANG_WARN_UNGUARDED_AVAILABILITY = YES_AGGRESSIVE;
				CLANG_WARN_UNREACHABLE_CODE = YES;
				CLANG_WARN__DUPLICATE_METHOD_MATCH = YES;
				CODE_SIGN_IDENTITY = "iPhone Developer";
				COPY_PHASE_STRIP = NO;
				DEBUG_INFORMATION_FORMAT = "dwarf-with-dsym";
				ENABLE_NS_ASSERTIONS = NO;
				ENABLE_STRICT_OBJC_MSGSEND = YES;
				GCC_C_LANGUAGE_STANDARD = gnu11;
				GCC_NO_COMMON_BLOCKS = YES;
				GCC_WARN_64_TO_32_BIT_CONVERSION = YES;
				GCC_WARN_ABOUT_RETURN_TYPE = YES_ERROR;
				GCC_WARN_UNDECLARED_SELECTOR = YES;
				GCC_WARN_UNINITIALIZED_AUTOS = YES_AGGRESSIVE;
				GCC_WARN_UNUSED_FUNCTION = YES;
				GCC_WARN_UNUSED_VARIABLE = YES;
				IPHONEOS_DEPLOYMENT_TARGET = 11.2;
				MTL_ENABLE_DEBUG_INFO = NO;
				SDKROOT = iphoneos;
				SWIFT_OPTIMIZATION_LEVEL = "-Owholemodule";
				VALIDATE_PRODUCT = YES;
			};
			name = Release;
		};
		85FCC5B920603D7200FF9D62 /* Debug */ = {
			isa = XCBuildConfiguration;
			buildSettings = {
				ASSETCATALOG_COMPILER_APPICON_NAME = AppIcon;
				CLANG_ENABLE_MODULES = YES;
				CODE_SIGN_STYLE = Automatic;
				DEVELOPMENT_TEAM = 7Q9DA4ZX6A;
				INFOPLIST_FILE = testApp/Info.plist;
				LD_RUNPATH_SEARCH_PATHS = "$(inherited) @executable_path/Frameworks";
				PRODUCT_BUNDLE_IDENTIFIER = edu.ithaca.combinatorics;
				PRODUCT_NAME = "$(TARGET_NAME)";
				SWIFT_OPTIMIZATION_LEVEL = "-Onone";
				SWIFT_VERSION = 4.0;
				TARGETED_DEVICE_FAMILY = "1,2";
			};
			name = Debug;
		};
		85FCC5BA20603D7200FF9D62 /* Release */ = {
			isa = XCBuildConfiguration;
			buildSettings = {
				ASSETCATALOG_COMPILER_APPICON_NAME = AppIcon;
				CLANG_ENABLE_MODULES = YES;
				CODE_SIGN_STYLE = Automatic;
				DEVELOPMENT_TEAM = 7Q9DA4ZX6A;
				INFOPLIST_FILE = testApp/Info.plist;
				LD_RUNPATH_SEARCH_PATHS = "$(inherited) @executable_path/Frameworks";
				PRODUCT_BUNDLE_IDENTIFIER = edu.ithaca.combinatorics;
				PRODUCT_NAME = "$(TARGET_NAME)";
				SWIFT_VERSION = 4.0;
				TARGETED_DEVICE_FAMILY = "1,2";
			};
			name = Release;
		};
/* End XCBuildConfiguration section */

/* Begin XCConfigurationList section */
		85FCC5A120603D7100FF9D62 /* Build configuration list for PBXProject "testApp" */ = {
			isa = XCConfigurationList;
			buildConfigurations = (
				85FCC5B620603D7200FF9D62 /* Debug */,
				85FCC5B720603D7200FF9D62 /* Release */,
			);
			defaultConfigurationIsVisible = 0;
			defaultConfigurationName = Release;
		};
		85FCC5B820603D7200FF9D62 /* Build configuration list for PBXNativeTarget "testApp" */ = {
			isa = XCConfigurationList;
			buildConfigurations = (
				85FCC5B920603D7200FF9D62 /* Debug */,
				85FCC5BA20603D7200FF9D62 /* Release */,
			);
			defaultConfigurationIsVisible = 0;
			defaultConfigurationName = Release;
		};
/* End XCConfigurationList section */
	};
	rootObject = 85FCC59E20603D7100FF9D62 /* Project object */;
}
